// !$*UTF8*$!
{
	archiveVersion = 1;
	classes = {
	};
	objectVersion = 55;
	objects = {

/* Begin PBXBuildFile section */
		884893DD27EB65530042D0C4 /* AppDelegate.swift in Sources */ = {isa = PBXBuildFile; fileRef = 884893DC27EB65530042D0C4 /* AppDelegate.swift */; };
		884893DF27EB65530042D0C4 /* SceneDelegate.swift in Sources */ = {isa = PBXBuildFile; fileRef = 884893DE27EB65530042D0C4 /* SceneDelegate.swift */; };
		884893E127EB65530042D0C4 /* ViewController.swift in Sources */ = {isa = PBXBuildFile; fileRef = 884893E027EB65530042D0C4 /* ViewController.swift */; };
		884893E427EB65530042D0C4 /* Main.storyboard in Resources */ = {isa = PBXBuildFile; fileRef = 884893E227EB65530042D0C4 /* Main.storyboard */; };
		884893E627EB65540042D0C4 /* Assets.xcassets in Resources */ = {isa = PBXBuildFile; fileRef = 884893E527EB65540042D0C4 /* Assets.xcassets */; };
		884893E927EB65540042D0C4 /* LaunchScreen.storyboard in Resources */ = {isa = PBXBuildFile; fileRef = 884893E727EB65540042D0C4 /* LaunchScreen.storyboard */; };
		88975D81281B2603005DED81 /* User.swift in Sources */ = {isa = PBXBuildFile; fileRef = 88975D80281B2603005DED81 /* User.swift */; };
		88975D84281B28A3005DED81 /* RealmSwift in Frameworks */ = {isa = PBXBuildFile; productRef = 88975D83281B28A3005DED81 /* RealmSwift */; };
		88975D86281B2D59005DED81 /* Semester.swift in Sources */ = {isa = PBXBuildFile; fileRef = 88975D85281B2D59005DED81 /* Semester.swift */; };
		88975D88281B2DBA005DED81 /* Subject.swift in Sources */ = {isa = PBXBuildFile; fileRef = 88975D87281B2DBA005DED81 /* Subject.swift */; };
		88975D8A281B30C0005DED81 /* Task.swift in Sources */ = {isa = PBXBuildFile; fileRef = 88975D89281B30C0005DED81 /* Task.swift */; };
		88975D8C281B31E1005DED81 /* Evaluation.swift in Sources */ = {isa = PBXBuildFile; fileRef = 88975D8B281B31E1005DED81 /* Evaluation.swift */; };
		88975D8E281B3251005DED81 /* Exam.swift in Sources */ = {isa = PBXBuildFile; fileRef = 88975D8D281B3251005DED81 /* Exam.swift */; };
		88975D90281B3260005DED81 /* PassFail.swift in Sources */ = {isa = PBXBuildFile; fileRef = 88975D8F281B3260005DED81 /* PassFail.swift */; };
/* End PBXBuildFile section */

/* Begin PBXFileReference section */
		884893D927EB65530042D0C4 /* Tracklab.app */ = {isa = PBXFileReference; explicitFileType = wrapper.application; includeInIndex = 0; path = Tracklab.app; sourceTree = BUILT_PRODUCTS_DIR; };
		884893DC27EB65530042D0C4 /* AppDelegate.swift */ = {isa = PBXFileReference; lastKnownFileType = sourcecode.swift; path = AppDelegate.swift; sourceTree = "<group>"; };
		884893DE27EB65530042D0C4 /* SceneDelegate.swift */ = {isa = PBXFileReference; lastKnownFileType = sourcecode.swift; path = SceneDelegate.swift; sourceTree = "<group>"; };
		884893E027EB65530042D0C4 /* ViewController.swift */ = {isa = PBXFileReference; lastKnownFileType = sourcecode.swift; path = ViewController.swift; sourceTree = "<group>"; };
		884893E327EB65530042D0C4 /* Base */ = {isa = PBXFileReference; lastKnownFileType = file.storyboard; name = Base; path = Base.lproj/Main.storyboard; sourceTree = "<group>"; };
		884893E527EB65540042D0C4 /* Assets.xcassets */ = {isa = PBXFileReference; lastKnownFileType = folder.assetcatalog; path = Assets.xcassets; sourceTree = "<group>"; };
		884893E827EB65540042D0C4 /* Base */ = {isa = PBXFileReference; lastKnownFileType = file.storyboard; name = Base; path = Base.lproj/LaunchScreen.storyboard; sourceTree = "<group>"; };
		884893EA27EB65540042D0C4 /* Info.plist */ = {isa = PBXFileReference; lastKnownFileType = text.plist.xml; path = Info.plist; sourceTree = "<group>"; };
		88975D80281B2603005DED81 /* User.swift */ = {isa = PBXFileReference; lastKnownFileType = sourcecode.swift; path = User.swift; sourceTree = "<group>"; };
		88975D85281B2D59005DED81 /* Semester.swift */ = {isa = PBXFileReference; lastKnownFileType = sourcecode.swift; path = Semester.swift; sourceTree = "<group>"; };
		88975D87281B2DBA005DED81 /* Subject.swift */ = {isa = PBXFileReference; lastKnownFileType = sourcecode.swift; path = Subject.swift; sourceTree = "<group>"; };
		88975D89281B30C0005DED81 /* Task.swift */ = {isa = PBXFileReference; lastKnownFileType = sourcecode.swift; path = Task.swift; sourceTree = "<group>"; };
		88975D8B281B31E1005DED81 /* Evaluation.swift */ = {isa = PBXFileReference; lastKnownFileType = sourcecode.swift; path = Evaluation.swift; sourceTree = "<group>"; };
		88975D8D281B3251005DED81 /* Exam.swift */ = {isa = PBXFileReference; lastKnownFileType = sourcecode.swift; path = Exam.swift; sourceTree = "<group>"; };
		88975D8F281B3260005DED81 /* PassFail.swift */ = {isa = PBXFileReference; lastKnownFileType = sourcecode.swift; path = PassFail.swift; sourceTree = "<group>"; };
/* End PBXFileReference section */

/* Begin PBXFrameworksBuildPhase section */
		884893D627EB65530042D0C4 /* Frameworks */ = {
			isa = PBXFrameworksBuildPhase;
			buildActionMask = 2147483647;
			files = (
				88975D84281B28A3005DED81 /* RealmSwift in Frameworks */,
			);
			runOnlyForDeploymentPostprocessing = 0;
		};
/* End PBXFrameworksBuildPhase section */

/* Begin PBXGroup section */
		884893D027EB65530042D0C4 = {
			isa = PBXGroup;
			children = (
				884893DB27EB65530042D0C4 /* Tracklab */,
				884893DA27EB65530042D0C4 /* Products */,
			);
			sourceTree = "<group>";
		};
		884893DA27EB65530042D0C4 /* Products */ = {
			isa = PBXGroup;
			children = (
				884893D927EB65530042D0C4 /* Tracklab.app */,
			);
			name = Products;
			sourceTree = "<group>";
		};
		884893DB27EB65530042D0C4 /* Tracklab */ = {
			isa = PBXGroup;
			children = (
				88975D7F281B25ED005DED81 /* Model */,
				884893DC27EB65530042D0C4 /* AppDelegate.swift */,
				884893DE27EB65530042D0C4 /* SceneDelegate.swift */,
				884893E027EB65530042D0C4 /* ViewController.swift */,
				884893E227EB65530042D0C4 /* Main.storyboard */,
				884893E527EB65540042D0C4 /* Assets.xcassets */,
				884893E727EB65540042D0C4 /* LaunchScreen.storyboard */,
				884893EA27EB65540042D0C4 /* Info.plist */,
			);
			path = Tracklab;
			sourceTree = "<group>";
		};
		88975D7F281B25ED005DED81 /* Model */ = {
			isa = PBXGroup;
			children = (
				88975D80281B2603005DED81 /* User.swift */,
				88975D85281B2D59005DED81 /* Semester.swift */,
				88975D87281B2DBA005DED81 /* Subject.swift */,
				88975D89281B30C0005DED81 /* Task.swift */,
				88975D8B281B31E1005DED81 /* Evaluation.swift */,
				88975D8D281B3251005DED81 /* Exam.swift */,
				88975D8F281B3260005DED81 /* PassFail.swift */,
			);
			path = Model;
			sourceTree = "<group>";
		};
/* End PBXGroup section */

/* Begin PBXNativeTarget section */
		884893D827EB65530042D0C4 /* Tracklab */ = {
			isa = PBXNativeTarget;
			buildConfigurationList = 884893ED27EB65540042D0C4 /* Build configuration list for PBXNativeTarget "Tracklab" */;
			buildPhases = (
				884893D527EB65530042D0C4 /* Sources */,
				884893D627EB65530042D0C4 /* Frameworks */,
				884893D727EB65530042D0C4 /* Resources */,
			);
			buildRules = (
			);
			dependencies = (
			);
			name = Tracklab;
			packageProductDependencies = (
				88975D83281B28A3005DED81 /* RealmSwift */,
			);
			productName = Tracklab;
			productReference = 884893D927EB65530042D0C4 /* Tracklab.app */;
			productType = "com.apple.product-type.application";
		};
/* End PBXNativeTarget section */

/* Begin PBXProject section */
		884893D127EB65530042D0C4 /* Project object */ = {
			isa = PBXProject;
			attributes = {
				BuildIndependentTargetsInParallel = 1;
				LastSwiftUpdateCheck = 1320;
				LastUpgradeCheck = 1320;
				TargetAttributes = {
					884893D827EB65530042D0C4 = {
						CreatedOnToolsVersion = 13.2.1;
					};
				};
			};
			buildConfigurationList = 884893D427EB65530042D0C4 /* Build configuration list for PBXProject "Tracklab" */;
			compatibilityVersion = "Xcode 13.0";
			developmentRegion = en;
			hasScannedForEncodings = 0;
			knownRegions = (
				en,
				Base,
			);
			mainGroup = 884893D027EB65530042D0C4;
			packageReferences = (
				88975D82281B28A3005DED81 /* XCRemoteSwiftPackageReference "realm-swift" */,
			);
			productRefGroup = 884893DA27EB65530042D0C4 /* Products */;
			projectDirPath = "";
			projectRoot = "";
			targets = (
				884893D827EB65530042D0C4 /* Tracklab */,
			);
		};
/* End PBXProject section */

/* Begin PBXResourcesBuildPhase section */
		884893D727EB65530042D0C4 /* Resources */ = {
			isa = PBXResourcesBuildPhase;
			buildActionMask = 2147483647;
			files = (
				884893E927EB65540042D0C4 /* LaunchScreen.storyboard in Resources */,
				884893E627EB65540042D0C4 /* Assets.xcassets in Resources */,
				884893E427EB65530042D0C4 /* Main.storyboard in Resources */,
			);
			runOnlyForDeploymentPostprocessing = 0;
		};
/* End PBXResourcesBuildPhase section */

/* Begin PBXSourcesBuildPhase section */
		884893D527EB65530042D0C4 /* Sources */ = {
			isa = PBXSourcesBuildPhase;
			buildActionMask = 2147483647;
			files = (
				88975D8C281B31E1005DED81 /* Evaluation.swift in Sources */,
				88975D8A281B30C0005DED81 /* Task.swift in Sources */,
				884893E127EB65530042D0C4 /* ViewController.swift in Sources */,
				88975D90281B3260005DED81 /* PassFail.swift in Sources */,
				88975D86281B2D59005DED81 /* Semester.swift in Sources */,
				88975D88281B2DBA005DED81 /* Subject.swift in Sources */,
				884893DD27EB65530042D0C4 /* AppDelegate.swift in Sources */,
				88975D8E281B3251005DED81 /* Exam.swift in Sources */,
				88975D81281B2603005DED81 /* User.swift in Sources */,
				884893DF27EB65530042D0C4 /* SceneDelegate.swift in Sources */,
			);
			runOnlyForDeploymentPostprocessing = 0;
		};
/* End PBXSourcesBuildPhase section */

/* Begin PBXVariantGroup section */
		884893E227EB65530042D0C4 /* Main.storyboard */ = {
			isa = PBXVariantGroup;
			children = (
				884893E327EB65530042D0C4 /* Base */,
			);
			name = Main.storyboard;
			sourceTree = "<group>";
		};
		884893E727EB65540042D0C4 /* LaunchScreen.storyboard */ = {
			isa = PBXVariantGroup;
			children = (
				884893E827EB65540042D0C4 /* Base */,
			);
			name = LaunchScreen.storyboard;
			sourceTree = "<group>";
		};
/* End PBXVariantGroup section */

/* Begin XCBuildConfiguration section */
		884893EB27EB65540042D0C4 /* Debug */ = {
			isa = XCBuildConfiguration;
			buildSettings = {
				ALWAYS_SEARCH_USER_PATHS = NO;
				CLANG_ANALYZER_NONNULL = YES;
				CLANG_ANALYZER_NUMBER_OBJECT_CONVERSION = YES_AGGRESSIVE;
				CLANG_CXX_LANGUAGE_STANDARD = "gnu++17";
				CLANG_CXX_LIBRARY = "libc++";
				CLANG_ENABLE_MODULES = YES;
				CLANG_ENABLE_OBJC_ARC = YES;
				CLANG_ENABLE_OBJC_WEAK = YES;
				CLANG_WARN_BLOCK_CAPTURE_AUTORELEASING = YES;
				CLANG_WARN_BOOL_CONVERSION = YES;
				CLANG_WARN_COMMA = YES;
				CLANG_WARN_CONSTANT_CONVERSION = YES;
				CLANG_WARN_DEPRECATED_OBJC_IMPLEMENTATIONS = YES;
				CLANG_WARN_DIRECT_OBJC_ISA_USAGE = YES_ERROR;
				CLANG_WARN_DOCUMENTATION_COMMENTS = YES;
				CLANG_WARN_EMPTY_BODY = YES;
				CLANG_WARN_ENUM_CONVERSION = YES;
				CLANG_WARN_INFINITE_RECURSION = YES;
				CLANG_WARN_INT_CONVERSION = YES;
				CLANG_WARN_NON_LITERAL_NULL_CONVERSION = YES;
				CLANG_WARN_OBJC_IMPLICIT_RETAIN_SELF = YES;
				CLANG_WARN_OBJC_LITERAL_CONVERSION = YES;
				CLANG_WARN_OBJC_ROOT_CLASS = YES_ERROR;
				CLANG_WARN_QUOTED_INCLUDE_IN_FRAMEWORK_HEADER = YES;
				CLANG_WARN_RANGE_LOOP_ANALYSIS = YES;
				CLANG_WARN_STRICT_PROTOTYPES = YES;
				CLANG_WARN_SUSPICIOUS_MOVE = YES;
				CLANG_WARN_UNGUARDED_AVAILABILITY = YES_AGGRESSIVE;
				CLANG_WARN_UNREACHABLE_CODE = YES;
				CLANG_WARN__DUPLICATE_METHOD_MATCH = YES;
				COPY_PHASE_STRIP = NO;
				DEBUG_INFORMATION_FORMAT = dwarf;
				ENABLE_STRICT_OBJC_MSGSEND = YES;
				ENABLE_TESTABILITY = YES;
				GCC_C_LANGUAGE_STANDARD = gnu11;
				GCC_DYNAMIC_NO_PIC = NO;
				GCC_NO_COMMON_BLOCKS = YES;
				GCC_OPTIMIZATION_LEVEL = 0;
				GCC_PREPROCESSOR_DEFINITIONS = (
					"DEBUG=1",
					"$(inherited)",
				);
				GCC_WARN_64_TO_32_BIT_CONVERSION = YES;
				GCC_WARN_ABOUT_RETURN_TYPE = YES_ERROR;
				GCC_WARN_UNDECLARED_SELECTOR = YES;
				GCC_WARN_UNINITIALIZED_AUTOS = YES_AGGRESSIVE;
				GCC_WARN_UNUSED_FUNCTION = YES;
				GCC_WARN_UNUSED_VARIABLE = YES;
				IPHONEOS_DEPLOYMENT_TARGET = 15.2;
				MTL_ENABLE_DEBUG_INFO = INCLUDE_SOURCE;
				MTL_FAST_MATH = YES;
				ONLY_ACTIVE_ARCH = YES;
				SDKROOT = iphoneos;
				SWIFT_ACTIVE_COMPILATION_CONDITIONS = DEBUG;
				SWIFT_OPTIMIZATION_LEVEL = "-Onone";
			};
			name = Debug;
		};
		884893EC27EB65540042D0C4 /* Release */ = {
			isa = XCBuildConfiguration;
			buildSettings = {
				ALWAYS_SEARCH_USER_PATHS = NO;
				CLANG_ANALYZER_NONNULL = YES;
				CLANG_ANALYZER_NUMBER_OBJECT_CONVERSION = YES_AGGRESSIVE;
				CLANG_CXX_LANGUAGE_STANDARD = "gnu++17";
				CLANG_CXX_LIBRARY = "libc++";
				CLANG_ENABLE_MODULES = YES;
				CLANG_ENABLE_OBJC_ARC = YES;
				CLANG_ENABLE_OBJC_WEAK = YES;
				CLANG_WARN_BLOCK_CAPTURE_AUTORELEASING = YES;
				CLANG_WARN_BOOL_CONVERSION = YES;
				CLANG_WARN_COMMA = YES;
				CLANG_WARN_CONSTANT_CONVERSION = YES;
				CLANG_WARN_DEPRECATED_OBJC_IMPLEMENTATIONS = YES;
				CLANG_WARN_DIRECT_OBJC_ISA_USAGE = YES_ERROR;
				CLANG_WARN_DOCUMENTATION_COMMENTS = YES;
				CLANG_WARN_EMPTY_BODY = YES;
				CLANG_WARN_ENUM_CONVERSION = YES;
				CLANG_WARN_INFINITE_RECURSION = YES;
				CLANG_WARN_INT_CONVERSION = YES;
				CLANG_WARN_NON_LITERAL_NULL_CONVERSION = YES;
				CLANG_WARN_OBJC_IMPLICIT_RETAIN_SELF = YES;
				CLANG_WARN_OBJC_LITERAL_CONVERSION = YES;
				CLANG_WARN_OBJC_ROOT_CLASS = YES_ERROR;
				CLANG_WARN_QUOTED_INCLUDE_IN_FRAMEWORK_HEADER = YES;
				CLANG_WARN_RANGE_LOOP_ANALYSIS = YES;
				CLANG_WARN_STRICT_PROTOTYPES = YES;
				CLANG_WARN_SUSPICIOUS_MOVE = YES;
				CLANG_WARN_UNGUARDED_AVAILABILITY = YES_AGGRESSIVE;
				CLANG_WARN_UNREACHABLE_CODE = YES;
				CLANG_WARN__DUPLICATE_METHOD_MATCH = YES;
				COPY_PHASE_STRIP = NO;
				DEBUG_INFORMATION_FORMAT = "dwarf-with-dsym";
				ENABLE_NS_ASSERTIONS = NO;
				ENABLE_STRICT_OBJC_MSGSEND = YES;
				GCC_C_LANGUAGE_STANDARD = gnu11;
				GCC_NO_COMMON_BLOCKS = YES;
				GCC_WARN_64_TO_32_BIT_CONVERSION = YES;
				GCC_WARN_ABOUT_RETURN_TYPE = YES_ERROR;
				GCC_WARN_UNDECLARED_SELECTOR = YES;
				GCC_WARN_UNINITIALIZED_AUTOS = YES_AGGRESSIVE;
				GCC_WARN_UNUSED_FUNCTION = YES;
				GCC_WARN_UNUSED_VARIABLE = YES;
				IPHONEOS_DEPLOYMENT_TARGET = 15.2;
				MTL_ENABLE_DEBUG_INFO = NO;
				MTL_FAST_MATH = YES;
				SDKROOT = iphoneos;
				SWIFT_COMPILATION_MODE = wholemodule;
				SWIFT_OPTIMIZATION_LEVEL = "-O";
				VALIDATE_PRODUCT = YES;
			};
			name = Release;
		};
		884893EE27EB65540042D0C4 /* Debug */ = {
			isa = XCBuildConfiguration;
			buildSettings = {
				ASSETCATALOG_COMPILER_APPICON_NAME = AppIcon;
				ASSETCATALOG_COMPILER_GLOBAL_ACCENT_COLOR_NAME = AccentColor;
				CODE_SIGN_STYLE = Automatic;
				CURRENT_PROJECT_VERSION = 1;
				GENERATE_INFOPLIST_FILE = YES;
				INFOPLIST_FILE = Tracklab/Info.plist;
				INFOPLIST_KEY_UIApplicationSupportsIndirectInputEvents = YES;
				INFOPLIST_KEY_UILaunchStoryboardName = LaunchScreen;
				INFOPLIST_KEY_UIMainStoryboardFile = Main;
				INFOPLIST_KEY_UISupportedInterfaceOrientations_iPad = "UIInterfaceOrientationPortrait UIInterfaceOrientationPortraitUpsideDown UIInterfaceOrientationLandscapeLeft UIInterfaceOrientationLandscapeRight";
				INFOPLIST_KEY_UISupportedInterfaceOrientations_iPhone = "UIInterfaceOrientationPortrait UIInterfaceOrientationLandscapeLeft UIInterfaceOrientationLandscapeRight";
				LD_RUNPATH_SEARCH_PATHS = (
					"$(inherited)",
					"@executable_path/Frameworks",
				);
				MARKETING_VERSION = 1.0;
				PRODUCT_BUNDLE_IDENTIFIER = AnetaCadova.Tracklab;
				PRODUCT_NAME = "$(TARGET_NAME)";
				SWIFT_EMIT_LOC_STRINGS = YES;
				SWIFT_VERSION = 5.0;
				TARGETED_DEVICE_FAMILY = "1,2";
			};
			name = Debug;
		};
		884893EF27EB65540042D0C4 /* Release */ = {
			isa = XCBuildConfiguration;
			buildSettings = {
				ASSETCATALOG_COMPILER_APPICON_NAME = AppIcon;
				ASSETCATALOG_COMPILER_GLOBAL_ACCENT_COLOR_NAME = AccentColor;
				CODE_SIGN_STYLE = Automatic;
				CURRENT_PROJECT_VERSION = 1;
				GENERATE_INFOPLIST_FILE = YES;
				INFOPLIST_FILE = Tracklab/Info.plist;
				INFOPLIST_KEY_UIApplicationSupportsIndirectInputEvents = YES;
				INFOPLIST_KEY_UILaunchStoryboardName = LaunchScreen;
				INFOPLIST_KEY_UIMainStoryboardFile = Main;
				INFOPLIST_KEY_UISupportedInterfaceOrientations_iPad = "UIInterfaceOrientationPortrait UIInterfaceOrientationPortraitUpsideDown UIInterfaceOrientationLandscapeLeft UIInterfaceOrientationLandscapeRight";
				INFOPLIST_KEY_UISupportedInterfaceOrientations_iPhone = "UIInterfaceOrientationPortrait UIInterfaceOrientationLandscapeLeft UIInterfaceOrientationLandscapeRight";
				LD_RUNPATH_SEARCH_PATHS = (
					"$(inherited)",
					"@executable_path/Frameworks",
				);
				MARKETING_VERSION = 1.0;
				PRODUCT_BUNDLE_IDENTIFIER = AnetaCadova.Tracklab;
				PRODUCT_NAME = "$(TARGET_NAME)";
				SWIFT_EMIT_LOC_STRINGS = YES;
				SWIFT_VERSION = 5.0;
				TARGETED_DEVICE_FAMILY = "1,2";
			};
			name = Release;
		};
/* End XCBuildConfiguration section */

/* Begin XCConfigurationList section */
		884893D427EB65530042D0C4 /* Build configuration list for PBXProject "Tracklab" */ = {
			isa = XCConfigurationList;
			buildConfigurations = (
				884893EB27EB65540042D0C4 /* Debug */,
				884893EC27EB65540042D0C4 /* Release */,
			);
			defaultConfigurationIsVisible = 0;
			defaultConfigurationName = Release;
		};
		884893ED27EB65540042D0C4 /* Build configuration list for PBXNativeTarget "Tracklab" */ = {
			isa = XCConfigurationList;
			buildConfigurations = (
				884893EE27EB65540042D0C4 /* Debug */,
				884893EF27EB65540042D0C4 /* Release */,
			);
			defaultConfigurationIsVisible = 0;
			defaultConfigurationName = Release;
		};
/* End XCConfigurationList section */

/* Begin XCRemoteSwiftPackageReference section */
		88975D82281B28A3005DED81 /* XCRemoteSwiftPackageReference "realm-swift" */ = {
			isa = XCRemoteSwiftPackageReference;
			repositoryURL = "https://github.com/realm/realm-swift.git";
			requirement = {
				branch = master;
				kind = branch;
			};
		};
/* End XCRemoteSwiftPackageReference section */

/* Begin XCSwiftPackageProductDependency section */
		88975D83281B28A3005DED81 /* RealmSwift */ = {
			isa = XCSwiftPackageProductDependency;
			package = 88975D82281B28A3005DED81 /* XCRemoteSwiftPackageReference "realm-swift" */;
			productName = RealmSwift;
		};
/* End XCSwiftPackageProductDependency section */
	};
	rootObject = 884893D127EB65530042D0C4 /* Project object */;
}
